
Microsoft Visual Studio Solution File, Format Version 12.00
# Visual Studio Version 16
VisualStudioVersion = 16.0.31005.135
MinimumVisualStudioVersion = 10.0.40219.1
Project("{F2A71F9B-5D33-465A-A702-920D77279786}") = "Lecture 3", "Lecture 3.fsproj", "{BA76DA8D-634B-408A-8158-960D452AD456}"
EndProject
Global
	GlobalSection(SolutionConfigurationPlatforms) = preSolution
		Debug|Any CPU = Debug|Any CPU
		Release|Any CPU = Release|Any CPU
	EndGlobalSection
	GlobalSection(ProjectConfigurationPlatforms) = postSolution
		{BA76DA8D-634B-408A-8158-960D452AD456}.Debug|Any CPU.ActiveCfg = Debug|Any CPU
		{BA76DA8D-634B-408A-8158-960D452AD456}.Debug|Any CPU.Build.0 = Debug|Any CPU
		{BA76DA8D-634B-408A-8158-960D452AD456}.Release|Any CPU.ActiveCfg = Release|Any CPU
		{BA76DA8D-634B-408A-8158-960D452AD456}.Release|Any CPU.Build.0 = Release|Any CPU
	EndGlobalSection
	GlobalSection(SolutionProperties) = preSolution
		HideSolutionNode = FALSE
	EndGlobalSection
	GlobalSection(ExtensibilityGlobals) = postSolution
		SolutionGuid = {12E5AE1B-2811-4A10-93B8-BFB47B1EEDE3}
	EndGlobalSection
EndGlobal
